
Microsoft Visual Studio Solution File, Format Version 12.00
# Visual Studio Version 16
VisualStudioVersion = 16.0.30114.105
MinimumVisualStudioVersion = 10.0.40219.1
Project("{FAE04EC0-301F-11D3-BF4B-00C04F79EFBC}") = "PALib", "PALib\PALib.csproj", "{A0E536E9-CF20-4935-95A4-7C862F3A42A4}"
EndProject
Project("{FAE04EC0-301F-11D3-BF4B-00C04F79EFBC}") = "PALib.Tests", "PALib.Tests\PALib.Tests.csproj", "{667B0FA4-C95D-4C7A-BEF0-199024544AEA}"
EndProject
Global
	GlobalSection(SolutionConfigurationPlatforms) = preSolution
		Debug|Any CPU = Debug|Any CPU
		Release|Any CPU = Release|Any CPU
	EndGlobalSection
	GlobalSection(SolutionProperties) = preSolution
		HideSolutionNode = FALSE
	EndGlobalSection
	GlobalSection(ProjectConfigurationPlatforms) = postSolution
		{A0E536E9-CF20-4935-95A4-7C862F3A42A4}.Debug|Any CPU.ActiveCfg = Debug|Any CPU
		{A0E536E9-CF20-4935-95A4-7C862F3A42A4}.Debug|Any CPU.Build.0 = Debug|Any CPU
		{A0E536E9-CF20-4935-95A4-7C862F3A42A4}.Release|Any CPU.ActiveCfg = Release|Any CPU
		{A0E536E9-CF20-4935-95A4-7C862F3A42A4}.Release|Any CPU.Build.0 = Release|Any CPU
		{667B0FA4-C95D-4C7A-BEF0-199024544AEA}.Debug|Any CPU.ActiveCfg = Debug|Any CPU
		{667B0FA4-C95D-4C7A-BEF0-199024544AEA}.Debug|Any CPU.Build.0 = Debug|Any CPU
		{667B0FA4-C95D-4C7A-BEF0-199024544AEA}.Release|Any CPU.ActiveCfg = Release|Any CPU
		{667B0FA4-C95D-4C7A-BEF0-199024544AEA}.Release|Any CPU.Build.0 = Release|Any CPU
	EndGlobalSection
EndGlobal
